
Microsoft Visual Studio Solution File, Format Version 11.00
# Visual Studio 2010
Project("{FAE04EC0-301F-11D3-BF4B-00C04F79EFBC}") = "Benchmark", "Benchmark\Benchmark.csproj", "{0606B8E8-7B49-46FC-8407-5051D4CB2008}"
EndProject
Project("{FAE04EC0-301F-11D3-BF4B-00C04F79EFBC}") = "LogBenchmark.dotNet", "LogBenchmark.dotNet\LogBenchmark.dotNet.csproj", "{8C85F585-B899-4A3F-9C99-F64764C5A780}"
EndProject
Project("{FAE04EC0-301F-11D3-BF4B-00C04F79EFBC}") = "LogBenchmark.mono", "LogBenchmark.mono\LogBenchmark.mono.csproj", "{81CA9440-55D5-4F2B-A631-11850FF94A47}"
EndProject
Global
	GlobalSection(SolutionConfigurationPlatforms) = preSolution
		Debug|Any CPU = Debug|Any CPU
		Release|Any CPU = Release|Any CPU
	EndGlobalSection
	GlobalSection(ProjectConfigurationPlatforms) = postSolution
		{0606B8E8-7B49-46FC-8407-5051D4CB2008}.Debug|Any CPU.ActiveCfg = Debug|Any CPU
		{0606B8E8-7B49-46FC-8407-5051D4CB2008}.Debug|Any CPU.Build.0 = Debug|Any CPU
		{0606B8E8-7B49-46FC-8407-5051D4CB2008}.Release|Any CPU.ActiveCfg = Release|Any CPU
		{0606B8E8-7B49-46FC-8407-5051D4CB2008}.Release|Any CPU.Build.0 = Release|Any CPU
		{8C85F585-B899-4A3F-9C99-F64764C5A780}.Debug|Any CPU.ActiveCfg = Debug|Any CPU
		{8C85F585-B899-4A3F-9C99-F64764C5A780}.Debug|Any CPU.Build.0 = Debug|Any CPU
		{8C85F585-B899-4A3F-9C99-F64764C5A780}.Release|Any CPU.ActiveCfg = Release|Any CPU
		{8C85F585-B899-4A3F-9C99-F64764C5A780}.Release|Any CPU.Build.0 = Release|Any CPU
		{81CA9440-55D5-4F2B-A631-11850FF94A47}.Debug|Any CPU.ActiveCfg = Debug|Any CPU
		{81CA9440-55D5-4F2B-A631-11850FF94A47}.Debug|Any CPU.Build.0 = Debug|Any CPU
		{81CA9440-55D5-4F2B-A631-11850FF94A47}.Release|Any CPU.ActiveCfg = Release|Any CPU
		{81CA9440-55D5-4F2B-A631-11850FF94A47}.Release|Any CPU.Build.0 = Release|Any CPU
	EndGlobalSection
	GlobalSection(SolutionProperties) = preSolution
		HideSolutionNode = FALSE
	EndGlobalSection
	GlobalSection(MonoDevelopProperties) = preSolution
		StartupItem = NLog.mono\NLog.mono.csproj
	EndGlobalSection
EndGlobal
