
Microsoft Visual Studio Solution File, Format Version 11.00
# Visual Studio 2010
Project("{FAE04EC0-301F-11D3-BF4B-00C04F79EFBC}") = "NLog.mono", "NLog.mono\NLog.mono.csproj", "{6CA435A2-B99F-4913-AF84-0E3F8ED475AB}"
EndProject
Project("{FAE04EC0-301F-11D3-BF4B-00C04F79EFBC}") = "Log4Net.mono", "Log4Net.mono\Log4Net.mono.csproj", "{18C23F01-B7AC-43C5-8D1F-FEAD35FB9C23}"
EndProject
Project("{FAE04EC0-301F-11D3-BF4B-00C04F79EFBC}") = "Benchmark", "Benchmark\Benchmark.csproj", "{0606B8E8-7B49-46FC-8407-5051D4CB2008}"
EndProject
Project("{FAE04EC0-301F-11D3-BF4B-00C04F79EFBC}") = "Log4Net.dotNet", "Log4Net.dotNet\Log4Net.dotNet.csproj", "{DEFA4610-6DA7-480B-92F0-4EA4D0D47AAD}"
EndProject
Project("{FAE04EC0-301F-11D3-BF4B-00C04F79EFBC}") = "NLog.dotNet", "NLog.dotNet\NLog.dotNet.csproj", "{3B095341-B44C-4306-8111-5D1FEDC852D5}"
EndProject
Global
	GlobalSection(SolutionConfigurationPlatforms) = preSolution
		Debug|Any CPU = Debug|Any CPU
		Release|Any CPU = Release|Any CPU
	EndGlobalSection
	GlobalSection(ProjectConfigurationPlatforms) = postSolution
		{0606B8E8-7B49-46FC-8407-5051D4CB2008}.Debug|Any CPU.ActiveCfg = Debug|Any CPU
		{0606B8E8-7B49-46FC-8407-5051D4CB2008}.Debug|Any CPU.Build.0 = Debug|Any CPU
		{0606B8E8-7B49-46FC-8407-5051D4CB2008}.Release|Any CPU.ActiveCfg = Release|Any CPU
		{0606B8E8-7B49-46FC-8407-5051D4CB2008}.Release|Any CPU.Build.0 = Release|Any CPU
		{18C23F01-B7AC-43C5-8D1F-FEAD35FB9C23}.Debug|Any CPU.ActiveCfg = Debug|Any CPU
		{18C23F01-B7AC-43C5-8D1F-FEAD35FB9C23}.Debug|Any CPU.Build.0 = Debug|Any CPU
		{18C23F01-B7AC-43C5-8D1F-FEAD35FB9C23}.Release|Any CPU.ActiveCfg = Release|Any CPU
		{18C23F01-B7AC-43C5-8D1F-FEAD35FB9C23}.Release|Any CPU.Build.0 = Release|Any CPU
		{3B095341-B44C-4306-8111-5D1FEDC852D5}.Debug|Any CPU.ActiveCfg = Debug|Any CPU
		{3B095341-B44C-4306-8111-5D1FEDC852D5}.Debug|Any CPU.Build.0 = Debug|Any CPU
		{3B095341-B44C-4306-8111-5D1FEDC852D5}.Release|Any CPU.ActiveCfg = Release|Any CPU
		{3B095341-B44C-4306-8111-5D1FEDC852D5}.Release|Any CPU.Build.0 = Release|Any CPU
		{6CA435A2-B99F-4913-AF84-0E3F8ED475AB}.Debug|Any CPU.ActiveCfg = Release|Any CPU
		{6CA435A2-B99F-4913-AF84-0E3F8ED475AB}.Debug|Any CPU.Build.0 = Release|Any CPU
		{6CA435A2-B99F-4913-AF84-0E3F8ED475AB}.Release|Any CPU.ActiveCfg = Release|Any CPU
		{6CA435A2-B99F-4913-AF84-0E3F8ED475AB}.Release|Any CPU.Build.0 = Release|Any CPU
		{DEFA4610-6DA7-480B-92F0-4EA4D0D47AAD}.Debug|Any CPU.ActiveCfg = Debug|Any CPU
		{DEFA4610-6DA7-480B-92F0-4EA4D0D47AAD}.Debug|Any CPU.Build.0 = Debug|Any CPU
		{DEFA4610-6DA7-480B-92F0-4EA4D0D47AAD}.Release|Any CPU.ActiveCfg = Release|Any CPU
		{DEFA4610-6DA7-480B-92F0-4EA4D0D47AAD}.Release|Any CPU.Build.0 = Release|Any CPU
	EndGlobalSection
	GlobalSection(MonoDevelopProperties) = preSolution
		StartupItem = NLog.mono\NLog.mono.csproj
	EndGlobalSection
	GlobalSection(SolutionProperties) = preSolution
		HideSolutionNode = FALSE
	EndGlobalSection
EndGlobal
